// !$*UTF8*$!
{
	archiveVersion = 1;
	classes = {
	};
	objectVersion = 56;
	objects = {

/* Begin PBXBuildFile section */
		340F0C3D291A644A00625DE5 /* RxCocoa in Frameworks */ = {isa = PBXBuildFile; productRef = 340F0C3C291A644A00625DE5 /* RxCocoa */; };
		340F0C3F291A644A00625DE5 /* RxSwift in Frameworks */ = {isa = PBXBuildFile; productRef = 340F0C3E291A644A00625DE5 /* RxSwift */; };
		340F0C42291A645C00625DE5 /* SnapKit in Frameworks */ = {isa = PBXBuildFile; productRef = 340F0C41291A645C00625DE5 /* SnapKit */; };
		340F0C45291A646900625DE5 /* Then in Frameworks */ = {isa = PBXBuildFile; productRef = 340F0C44291A646900625DE5 /* Then */; };
		340F0C47291A647300625DE5 /* MainVC.swift in Sources */ = {isa = PBXBuildFile; fileRef = 340F0C46291A647300625DE5 /* MainVC.swift */; };
		340F0C49291A656100625DE5 /* MainViewModel.swift in Sources */ = {isa = PBXBuildFile; fileRef = 340F0C48291A656100625DE5 /* MainViewModel.swift */; };
		340F0C4C291CF81000625DE5 /* TitleTextFieldCell.swift in Sources */ = {isa = PBXBuildFile; fileRef = 340F0C4B291CF81000625DE5 /* TitleTextFieldCell.swift */; };
		340F0C4E291CF81A00625DE5 /* TitleTextFieldCellViewModel.swift in Sources */ = {isa = PBXBuildFile; fileRef = 340F0C4D291CF81A00625DE5 /* TitleTextFieldCellViewModel.swift */; };
		340F0C51291CF9CC00625DE5 /* Caregory.swift in Sources */ = {isa = PBXBuildFile; fileRef = 340F0C50291CF9CC00625DE5 /* Caregory.swift */; };
		340F0C55291CFA1500625DE5 /* CategoryViewModel.swift in Sources */ = {isa = PBXBuildFile; fileRef = 340F0C54291CFA1500625DE5 /* CategoryViewModel.swift */; };
		340F0C57291CFC5700625DE5 /* CategoryListVC.swift in Sources */ = {isa = PBXBuildFile; fileRef = 340F0C56291CFC5700625DE5 /* CategoryListVC.swift */; };
		340F0C5A291D01C500625DE5 /* PriceTextFieldViewModel.swift in Sources */ = {isa = PBXBuildFile; fileRef = 340F0C59291D01C500625DE5 /* PriceTextFieldViewModel.swift */; };
		340F0C5C291D03B800625DE5 /* PriceTextFieldCell.swift in Sources */ = {isa = PBXBuildFile; fileRef = 340F0C5B291D03B800625DE5 /* PriceTextFieldCell.swift */; };
		340F0C5F291D06F000625DE5 /* DetailWirteFormCell.swift in Sources */ = {isa = PBXBuildFile; fileRef = 340F0C5E291D06F000625DE5 /* DetailWirteFormCell.swift */; };
		340F0C61291D06FD00625DE5 /* DetailWirteFormViewModel.swift in Sources */ = {isa = PBXBuildFile; fileRef = 340F0C60291D06FD00625DE5 /* DetailWirteFormViewModel.swift */; };
		349CF2D4290FCEB800BD6261 /* AppDelegate.swift in Sources */ = {isa = PBXBuildFile; fileRef = 349CF2D3290FCEB800BD6261 /* AppDelegate.swift */; };
		349CF2D6290FCEB800BD6261 /* SceneDelegate.swift in Sources */ = {isa = PBXBuildFile; fileRef = 349CF2D5290FCEB800BD6261 /* SceneDelegate.swift */; };
		349CF2DD290FCEBA00BD6261 /* Assets.xcassets in Resources */ = {isa = PBXBuildFile; fileRef = 349CF2DC290FCEBA00BD6261 /* Assets.xcassets */; };
		349CF2E0290FCEBA00BD6261 /* LaunchScreen.storyboard in Resources */ = {isa = PBXBuildFile; fileRef = 349CF2DE290FCEBA00BD6261 /* LaunchScreen.storyboard */; };
/* End PBXBuildFile section */

/* Begin PBXFileReference section */
		340F0C46291A647300625DE5 /* MainVC.swift */ = {isa = PBXFileReference; lastKnownFileType = sourcecode.swift; path = MainVC.swift; sourceTree = "<group>"; };
		340F0C48291A656100625DE5 /* MainViewModel.swift */ = {isa = PBXFileReference; lastKnownFileType = sourcecode.swift; path = MainViewModel.swift; sourceTree = "<group>"; };
		340F0C4B291CF81000625DE5 /* TitleTextFieldCell.swift */ = {isa = PBXFileReference; lastKnownFileType = sourcecode.swift; path = TitleTextFieldCell.swift; sourceTree = "<group>"; };
		340F0C4D291CF81A00625DE5 /* TitleTextFieldCellViewModel.swift */ = {isa = PBXFileReference; lastKnownFileType = sourcecode.swift; path = TitleTextFieldCellViewModel.swift; sourceTree = "<group>"; };
		340F0C50291CF9CC00625DE5 /* Caregory.swift */ = {isa = PBXFileReference; lastKnownFileType = sourcecode.swift; path = Caregory.swift; sourceTree = "<group>"; };
		340F0C54291CFA1500625DE5 /* CategoryViewModel.swift */ = {isa = PBXFileReference; lastKnownFileType = sourcecode.swift; path = CategoryViewModel.swift; sourceTree = "<group>"; };
		340F0C56291CFC5700625DE5 /* CategoryListVC.swift */ = {isa = PBXFileReference; lastKnownFileType = sourcecode.swift; path = CategoryListVC.swift; sourceTree = "<group>"; };
		340F0C59291D01C500625DE5 /* PriceTextFieldViewModel.swift */ = {isa = PBXFileReference; lastKnownFileType = sourcecode.swift; path = PriceTextFieldViewModel.swift; sourceTree = "<group>"; };
		340F0C5B291D03B800625DE5 /* PriceTextFieldCell.swift */ = {isa = PBXFileReference; lastKnownFileType = sourcecode.swift; path = PriceTextFieldCell.swift; sourceTree = "<group>"; };
		340F0C5E291D06F000625DE5 /* DetailWirteFormCell.swift */ = {isa = PBXFileReference; lastKnownFileType = sourcecode.swift; path = DetailWirteFormCell.swift; sourceTree = "<group>"; };
		340F0C60291D06FD00625DE5 /* DetailWirteFormViewModel.swift */ = {isa = PBXFileReference; lastKnownFileType = sourcecode.swift; path = DetailWirteFormViewModel.swift; sourceTree = "<group>"; };
		349CF2D0290FCEB800BD6261 /* Eight_UsedGoodsUpload.app */ = {isa = PBXFileReference; explicitFileType = wrapper.application; includeInIndex = 0; path = Eight_UsedGoodsUpload.app; sourceTree = BUILT_PRODUCTS_DIR; };
		349CF2D3290FCEB800BD6261 /* AppDelegate.swift */ = {isa = PBXFileReference; lastKnownFileType = sourcecode.swift; path = AppDelegate.swift; sourceTree = "<group>"; };
		349CF2D5290FCEB800BD6261 /* SceneDelegate.swift */ = {isa = PBXFileReference; lastKnownFileType = sourcecode.swift; path = SceneDelegate.swift; sourceTree = "<group>"; };
		349CF2DC290FCEBA00BD6261 /* Assets.xcassets */ = {isa = PBXFileReference; lastKnownFileType = folder.assetcatalog; path = Assets.xcassets; sourceTree = "<group>"; };
		349CF2DF290FCEBA00BD6261 /* Base */ = {isa = PBXFileReference; lastKnownFileType = file.storyboard; name = Base; path = Base.lproj/LaunchScreen.storyboard; sourceTree = "<group>"; };
		349CF2E1290FCEBA00BD6261 /* Info.plist */ = {isa = PBXFileReference; lastKnownFileType = text.plist.xml; path = Info.plist; sourceTree = "<group>"; };
/* End PBXFileReference section */

/* Begin PBXFrameworksBuildPhase section */
		349CF2CD290FCEB800BD6261 /* Frameworks */ = {
			isa = PBXFrameworksBuildPhase;
			buildActionMask = 2147483647;
			files = (
				340F0C42291A645C00625DE5 /* SnapKit in Frameworks */,
				340F0C3F291A644A00625DE5 /* RxSwift in Frameworks */,
				340F0C3D291A644A00625DE5 /* RxCocoa in Frameworks */,
				340F0C45291A646900625DE5 /* Then in Frameworks */,
			);
			runOnlyForDeploymentPostprocessing = 0;
		};
/* End PBXFrameworksBuildPhase section */

/* Begin PBXGroup section */
		340F0C4A291CF7EC00625DE5 /* MainVC */ = {
			isa = PBXGroup;
			children = (
				340F0C46291A647300625DE5 /* MainVC.swift */,
				340F0C48291A656100625DE5 /* MainViewModel.swift */,
				340F0C4F291CF81D00625DE5 /* TitleTextFieldCell */,
				340F0C58291D01AA00625DE5 /* CategoryVC */,
				340F0C5D291D068A00625DE5 /* PriceTextFieldCell */,
				340F0C62291D070700625DE5 /* DetailWirteFormCell */,
			);
			path = MainVC;
			sourceTree = "<group>";
		};
		340F0C4F291CF81D00625DE5 /* TitleTextFieldCell */ = {
			isa = PBXGroup;
			children = (
				340F0C4B291CF81000625DE5 /* TitleTextFieldCell.swift */,
				340F0C4D291CF81A00625DE5 /* TitleTextFieldCellViewModel.swift */,
			);
			path = TitleTextFieldCell;
			sourceTree = "<group>";
		};
		340F0C52291CF9D500625DE5 /* Entity */ = {
			isa = PBXGroup;
			children = (
				340F0C50291CF9CC00625DE5 /* Caregory.swift */,
			);
			path = Entity;
			sourceTree = "<group>";
		};
		340F0C53291CF9ED00625DE5 /* Presentation */ = {
			isa = PBXGroup;
			children = (
				340F0C4A291CF7EC00625DE5 /* MainVC */,
			);
			path = Presentation;
			sourceTree = "<group>";
		};
		340F0C58291D01AA00625DE5 /* CategoryVC */ = {
			isa = PBXGroup;
			children = (
				340F0C54291CFA1500625DE5 /* CategoryViewModel.swift */,
				340F0C56291CFC5700625DE5 /* CategoryListVC.swift */,
			);
			path = CategoryVC;
			sourceTree = "<group>";
		};
		340F0C5D291D068A00625DE5 /* PriceTextFieldCell */ = {
			isa = PBXGroup;
			children = (
				340F0C59291D01C500625DE5 /* PriceTextFieldViewModel.swift */,
				340F0C5B291D03B800625DE5 /* PriceTextFieldCell.swift */,
			);
			path = PriceTextFieldCell;
			sourceTree = "<group>";
		};
		340F0C62291D070700625DE5 /* DetailWirteFormCell */ = {
			isa = PBXGroup;
			children = (
				340F0C60291D06FD00625DE5 /* DetailWirteFormViewModel.swift */,
				340F0C5E291D06F000625DE5 /* DetailWirteFormCell.swift */,
			);
			path = DetailWirteFormCell;
			sourceTree = "<group>";
		};
		349CF2C7290FCEB800BD6261 = {
			isa = PBXGroup;
			children = (
				349CF2D2290FCEB800BD6261 /* Eight_UsedGoodsUpload */,
				349CF2D1290FCEB800BD6261 /* Products */,
			);
			sourceTree = "<group>";
		};
		349CF2D1290FCEB800BD6261 /* Products */ = {
			isa = PBXGroup;
			children = (
				349CF2D0290FCEB800BD6261 /* Eight_UsedGoodsUpload.app */,
			);
			name = Products;
			sourceTree = "<group>";
		};
		349CF2D2290FCEB800BD6261 /* Eight_UsedGoodsUpload */ = {
			isa = PBXGroup;
			children = (
				349CF2D3290FCEB800BD6261 /* AppDelegate.swift */,
				349CF2D5290FCEB800BD6261 /* SceneDelegate.swift */,
				340F0C52291CF9D500625DE5 /* Entity */,
				340F0C53291CF9ED00625DE5 /* Presentation */,
				349CF2DC290FCEBA00BD6261 /* Assets.xcassets */,
				349CF2DE290FCEBA00BD6261 /* LaunchScreen.storyboard */,
				349CF2E1290FCEBA00BD6261 /* Info.plist */,
			);
			path = Eight_UsedGoodsUpload;
			sourceTree = "<group>";
		};
/* End PBXGroup section */

/* Begin PBXNativeTarget section */
		349CF2CF290FCEB800BD6261 /* Eight_UsedGoodsUpload */ = {
			isa = PBXNativeTarget;
			buildConfigurationList = 349CF2E4290FCEBA00BD6261 /* Build configuration list for PBXNativeTarget "Eight_UsedGoodsUpload" */;
			buildPhases = (
				349CF2CC290FCEB800BD6261 /* Sources */,
				349CF2CD290FCEB800BD6261 /* Frameworks */,
				349CF2CE290FCEB800BD6261 /* Resources */,
			);
			buildRules = (
			);
			dependencies = (
			);
			name = Eight_UsedGoodsUpload;
			packageProductDependencies = (
				340F0C3C291A644A00625DE5 /* RxCocoa */,
				340F0C3E291A644A00625DE5 /* RxSwift */,
				340F0C41291A645C00625DE5 /* SnapKit */,
				340F0C44291A646900625DE5 /* Then */,
			);
			productName = Eight_UsedGoodsUpload;
			productReference = 349CF2D0290FCEB800BD6261 /* Eight_UsedGoodsUpload.app */;
			productType = "com.apple.product-type.application";
		};
/* End PBXNativeTarget section */

/* Begin PBXProject section */
		349CF2C8290FCEB800BD6261 /* Project object */ = {
			isa = PBXProject;
			attributes = {
				BuildIndependentTargetsInParallel = 1;
				LastSwiftUpdateCheck = 1400;
				LastUpgradeCheck = 1400;
				TargetAttributes = {
					349CF2CF290FCEB800BD6261 = {
						CreatedOnToolsVersion = 14.0.1;
					};
				};
			};
			buildConfigurationList = 349CF2CB290FCEB800BD6261 /* Build configuration list for PBXProject "Eight_UsedGoodsUpload" */;
			compatibilityVersion = "Xcode 14.0";
			developmentRegion = en;
			hasScannedForEncodings = 0;
			knownRegions = (
				en,
				Base,
			);
			mainGroup = 349CF2C7290FCEB800BD6261;
			packageReferences = (
				340F0C3B291A644A00625DE5 /* XCRemoteSwiftPackageReference "RxSwift" */,
				340F0C40291A645C00625DE5 /* XCRemoteSwiftPackageReference "SnapKit" */,
				340F0C43291A646900625DE5 /* XCRemoteSwiftPackageReference "Then" */,
			);
			productRefGroup = 349CF2D1290FCEB800BD6261 /* Products */;
			projectDirPath = "";
			projectRoot = "";
			targets = (
				349CF2CF290FCEB800BD6261 /* Eight_UsedGoodsUpload */,
			);
		};
/* End PBXProject section */

/* Begin PBXResourcesBuildPhase section */
		349CF2CE290FCEB800BD6261 /* Resources */ = {
			isa = PBXResourcesBuildPhase;
			buildActionMask = 2147483647;
			files = (
				349CF2E0290FCEBA00BD6261 /* LaunchScreen.storyboard in Resources */,
				349CF2DD290FCEBA00BD6261 /* Assets.xcassets in Resources */,
			);
			runOnlyForDeploymentPostprocessing = 0;
		};
/* End PBXResourcesBuildPhase section */

/* Begin PBXSourcesBuildPhase section */
		349CF2CC290FCEB800BD6261 /* Sources */ = {
			isa = PBXSourcesBuildPhase;
			buildActionMask = 2147483647;
			files = (
				340F0C5A291D01C500625DE5 /* PriceTextFieldViewModel.swift in Sources */,
				349CF2D4290FCEB800BD6261 /* AppDelegate.swift in Sources */,
				340F0C51291CF9CC00625DE5 /* Caregory.swift in Sources */,
				340F0C4E291CF81A00625DE5 /* TitleTextFieldCellViewModel.swift in Sources */,
				340F0C47291A647300625DE5 /* MainVC.swift in Sources */,
				340F0C55291CFA1500625DE5 /* CategoryViewModel.swift in Sources */,
				340F0C5F291D06F000625DE5 /* DetailWirteFormCell.swift in Sources */,
				340F0C5C291D03B800625DE5 /* PriceTextFieldCell.swift in Sources */,
				349CF2D6290FCEB800BD6261 /* SceneDelegate.swift in Sources */,
				340F0C4C291CF81000625DE5 /* TitleTextFieldCell.swift in Sources */,
				340F0C49291A656100625DE5 /* MainViewModel.swift in Sources */,
				340F0C61291D06FD00625DE5 /* DetailWirteFormViewModel.swift in Sources */,
				340F0C57291CFC5700625DE5 /* CategoryListVC.swift in Sources */,
			);
			runOnlyForDeploymentPostprocessing = 0;
		};
/* End PBXSourcesBuildPhase section */

/* Begin PBXVariantGroup section */
		349CF2DE290FCEBA00BD6261 /* LaunchScreen.storyboard */ = {
			isa = PBXVariantGroup;
			children = (
				349CF2DF290FCEBA00BD6261 /* Base */,
			);
			name = LaunchScreen.storyboard;
			sourceTree = "<group>";
		};
/* End PBXVariantGroup section */

/* Begin XCBuildConfiguration section */
		349CF2E2290FCEBA00BD6261 /* Debug */ = {
			isa = XCBuildConfiguration;
			buildSettings = {
				ALWAYS_SEARCH_USER_PATHS = NO;
				CLANG_ANALYZER_NONNULL = YES;
				CLANG_ANALYZER_NUMBER_OBJECT_CONVERSION = YES_AGGRESSIVE;
				CLANG_CXX_LANGUAGE_STANDARD = "gnu++20";
				CLANG_ENABLE_MODULES = YES;
				CLANG_ENABLE_OBJC_ARC = YES;
				CLANG_ENABLE_OBJC_WEAK = YES;
				CLANG_WARN_BLOCK_CAPTURE_AUTORELEASING = YES;
				CLANG_WARN_BOOL_CONVERSION = YES;
				CLANG_WARN_COMMA = YES;
				CLANG_WARN_CONSTANT_CONVERSION = YES;
				CLANG_WARN_DEPRECATED_OBJC_IMPLEMENTATIONS = YES;
				CLANG_WARN_DIRECT_OBJC_ISA_USAGE = YES_ERROR;
				CLANG_WARN_DOCUMENTATION_COMMENTS = YES;
				CLANG_WARN_EMPTY_BODY = YES;
				CLANG_WARN_ENUM_CONVERSION = YES;
				CLANG_WARN_INFINITE_RECURSION = YES;
				CLANG_WARN_INT_CONVERSION = YES;
				CLANG_WARN_NON_LITERAL_NULL_CONVERSION = YES;
				CLANG_WARN_OBJC_IMPLICIT_RETAIN_SELF = YES;
				CLANG_WARN_OBJC_LITERAL_CONVERSION = YES;
				CLANG_WARN_OBJC_ROOT_CLASS = YES_ERROR;
				CLANG_WARN_QUOTED_INCLUDE_IN_FRAMEWORK_HEADER = YES;
				CLANG_WARN_RANGE_LOOP_ANALYSIS = YES;
				CLANG_WARN_STRICT_PROTOTYPES = YES;
				CLANG_WARN_SUSPICIOUS_MOVE = YES;
				CLANG_WARN_UNGUARDED_AVAILABILITY = YES_AGGRESSIVE;
				CLANG_WARN_UNREACHABLE_CODE = YES;
				CLANG_WARN__DUPLICATE_METHOD_MATCH = YES;
				COPY_PHASE_STRIP = NO;
				DEBUG_INFORMATION_FORMAT = dwarf;
				ENABLE_STRICT_OBJC_MSGSEND = YES;
				ENABLE_TESTABILITY = YES;
				GCC_C_LANGUAGE_STANDARD = gnu11;
				GCC_DYNAMIC_NO_PIC = NO;
				GCC_NO_COMMON_BLOCKS = YES;
				GCC_OPTIMIZATION_LEVEL = 0;
				GCC_PREPROCESSOR_DEFINITIONS = (
					"DEBUG=1",
					"$(inherited)",
				);
				GCC_WARN_64_TO_32_BIT_CONVERSION = YES;
				GCC_WARN_ABOUT_RETURN_TYPE = YES_ERROR;
				GCC_WARN_UNDECLARED_SELECTOR = YES;
				GCC_WARN_UNINITIALIZED_AUTOS = YES_AGGRESSIVE;
				GCC_WARN_UNUSED_FUNCTION = YES;
				GCC_WARN_UNUSED_VARIABLE = YES;
				IPHONEOS_DEPLOYMENT_TARGET = 16.0;
				MTL_ENABLE_DEBUG_INFO = INCLUDE_SOURCE;
				MTL_FAST_MATH = YES;
				ONLY_ACTIVE_ARCH = YES;
				SDKROOT = iphoneos;
				SWIFT_ACTIVE_COMPILATION_CONDITIONS = DEBUG;
				SWIFT_OPTIMIZATION_LEVEL = "-Onone";
			};
			name = Debug;
		};
		349CF2E3290FCEBA00BD6261 /* Release */ = {
			isa = XCBuildConfiguration;
			buildSettings = {
				ALWAYS_SEARCH_USER_PATHS = NO;
				CLANG_ANALYZER_NONNULL = YES;
				CLANG_ANALYZER_NUMBER_OBJECT_CONVERSION = YES_AGGRESSIVE;
				CLANG_CXX_LANGUAGE_STANDARD = "gnu++20";
				CLANG_ENABLE_MODULES = YES;
				CLANG_ENABLE_OBJC_ARC = YES;
				CLANG_ENABLE_OBJC_WEAK = YES;
				CLANG_WARN_BLOCK_CAPTURE_AUTORELEASING = YES;
				CLANG_WARN_BOOL_CONVERSION = YES;
				CLANG_WARN_COMMA = YES;
				CLANG_WARN_CONSTANT_CONVERSION = YES;
				CLANG_WARN_DEPRECATED_OBJC_IMPLEMENTATIONS = YES;
				CLANG_WARN_DIRECT_OBJC_ISA_USAGE = YES_ERROR;
				CLANG_WARN_DOCUMENTATION_COMMENTS = YES;
				CLANG_WARN_EMPTY_BODY = YES;
				CLANG_WARN_ENUM_CONVERSION = YES;
				CLANG_WARN_INFINITE_RECURSION = YES;
				CLANG_WARN_INT_CONVERSION = YES;
				CLANG_WARN_NON_LITERAL_NULL_CONVERSION = YES;
				CLANG_WARN_OBJC_IMPLICIT_RETAIN_SELF = YES;
				CLANG_WARN_OBJC_LITERAL_CONVERSION = YES;
				CLANG_WARN_OBJC_ROOT_CLASS = YES_ERROR;
				CLANG_WARN_QUOTED_INCLUDE_IN_FRAMEWORK_HEADER = YES;
				CLANG_WARN_RANGE_LOOP_ANALYSIS = YES;
				CLANG_WARN_STRICT_PROTOTYPES = YES;
				CLANG_WARN_SUSPICIOUS_MOVE = YES;
				CLANG_WARN_UNGUARDED_AVAILABILITY = YES_AGGRESSIVE;
				CLANG_WARN_UNREACHABLE_CODE = YES;
				CLANG_WARN__DUPLICATE_METHOD_MATCH = YES;
				COPY_PHASE_STRIP = NO;
				DEBUG_INFORMATION_FORMAT = "dwarf-with-dsym";
				ENABLE_NS_ASSERTIONS = NO;
				ENABLE_STRICT_OBJC_MSGSEND = YES;
				GCC_C_LANGUAGE_STANDARD = gnu11;
				GCC_NO_COMMON_BLOCKS = YES;
				GCC_WARN_64_TO_32_BIT_CONVERSION = YES;
				GCC_WARN_ABOUT_RETURN_TYPE = YES_ERROR;
				GCC_WARN_UNDECLARED_SELECTOR = YES;
				GCC_WARN_UNINITIALIZED_AUTOS = YES_AGGRESSIVE;
				GCC_WARN_UNUSED_FUNCTION = YES;
				GCC_WARN_UNUSED_VARIABLE = YES;
				IPHONEOS_DEPLOYMENT_TARGET = 16.0;
				MTL_ENABLE_DEBUG_INFO = NO;
				MTL_FAST_MATH = YES;
				SDKROOT = iphoneos;
				SWIFT_COMPILATION_MODE = wholemodule;
				SWIFT_OPTIMIZATION_LEVEL = "-O";
				VALIDATE_PRODUCT = YES;
			};
			name = Release;
		};
		349CF2E5290FCEBA00BD6261 /* Debug */ = {
			isa = XCBuildConfiguration;
			buildSettings = {
				ASSETCATALOG_COMPILER_APPICON_NAME = AppIcon;
				ASSETCATALOG_COMPILER_GLOBAL_ACCENT_COLOR_NAME = AccentColor;
				CODE_SIGN_STYLE = Automatic;
				CURRENT_PROJECT_VERSION = 1;
				DEVELOPMENT_TEAM = 6V8879W55Z;
				GENERATE_INFOPLIST_FILE = YES;
				INFOPLIST_FILE = Eight_UsedGoodsUpload/Info.plist;
				INFOPLIST_KEY_UIApplicationSupportsIndirectInputEvents = YES;
				INFOPLIST_KEY_UILaunchStoryboardName = LaunchScreen;
				INFOPLIST_KEY_UISupportedInterfaceOrientations_iPad = "UIInterfaceOrientationPortrait UIInterfaceOrientationPortraitUpsideDown UIInterfaceOrientationLandscapeLeft UIInterfaceOrientationLandscapeRight";
				INFOPLIST_KEY_UISupportedInterfaceOrientations_iPhone = "UIInterfaceOrientationPortrait UIInterfaceOrientationLandscapeLeft UIInterfaceOrientationLandscapeRight";
				LD_RUNPATH_SEARCH_PATHS = (
					"$(inherited)",
					"@executable_path/Frameworks",
				);
				MARKETING_VERSION = 1.0;
				PRODUCT_BUNDLE_IDENTIFIER = "com.yslee.Eight-UsedGoodsUpload";
				PRODUCT_NAME = "$(TARGET_NAME)";
				SWIFT_EMIT_LOC_STRINGS = YES;
				SWIFT_VERSION = 5.0;
				TARGETED_DEVICE_FAMILY = "1,2";
			};
			name = Debug;
		};
		349CF2E6290FCEBA00BD6261 /* Release */ = {
			isa = XCBuildConfiguration;
			buildSettings = {
				ASSETCATALOG_COMPILER_APPICON_NAME = AppIcon;
				ASSETCATALOG_COMPILER_GLOBAL_ACCENT_COLOR_NAME = AccentColor;
				CODE_SIGN_STYLE = Automatic;
				CURRENT_PROJECT_VERSION = 1;
				DEVELOPMENT_TEAM = 6V8879W55Z;
				GENERATE_INFOPLIST_FILE = YES;
				INFOPLIST_FILE = Eight_UsedGoodsUpload/Info.plist;
				INFOPLIST_KEY_UIApplicationSupportsIndirectInputEvents = YES;
				INFOPLIST_KEY_UILaunchStoryboardName = LaunchScreen;
				INFOPLIST_KEY_UISupportedInterfaceOrientations_iPad = "UIInterfaceOrientationPortrait UIInterfaceOrientationPortraitUpsideDown UIInterfaceOrientationLandscapeLeft UIInterfaceOrientationLandscapeRight";
				INFOPLIST_KEY_UISupportedInterfaceOrientations_iPhone = "UIInterfaceOrientationPortrait UIInterfaceOrientationLandscapeLeft UIInterfaceOrientationLandscapeRight";
				LD_RUNPATH_SEARCH_PATHS = (
					"$(inherited)",
					"@executable_path/Frameworks",
				);
				MARKETING_VERSION = 1.0;
				PRODUCT_BUNDLE_IDENTIFIER = "com.yslee.Eight-UsedGoodsUpload";
				PRODUCT_NAME = "$(TARGET_NAME)";
				SWIFT_EMIT_LOC_STRINGS = YES;
				SWIFT_VERSION = 5.0;
				TARGETED_DEVICE_FAMILY = "1,2";
			};
			name = Release;
		};
/* End XCBuildConfiguration section */

/* Begin XCConfigurationList section */
		349CF2CB290FCEB800BD6261 /* Build configuration list for PBXProject "Eight_UsedGoodsUpload" */ = {
			isa = XCConfigurationList;
			buildConfigurations = (
				349CF2E2290FCEBA00BD6261 /* Debug */,
				349CF2E3290FCEBA00BD6261 /* Release */,
			);
			defaultConfigurationIsVisible = 0;
			defaultConfigurationName = Release;
		};
		349CF2E4290FCEBA00BD6261 /* Build configuration list for PBXNativeTarget "Eight_UsedGoodsUpload" */ = {
			isa = XCConfigurationList;
			buildConfigurations = (
				349CF2E5290FCEBA00BD6261 /* Debug */,
				349CF2E6290FCEBA00BD6261 /* Release */,
			);
			defaultConfigurationIsVisible = 0;
			defaultConfigurationName = Release;
		};
/* End XCConfigurationList section */

/* Begin XCRemoteSwiftPackageReference section */
		340F0C3B291A644A00625DE5 /* XCRemoteSwiftPackageReference "RxSwift" */ = {
			isa = XCRemoteSwiftPackageReference;
			repositoryURL = "https://github.com/ReactiveX/RxSwift.git";
			requirement = {
				branch = main;
				kind = branch;
			};
		};
		340F0C40291A645C00625DE5 /* XCRemoteSwiftPackageReference "SnapKit" */ = {
			isa = XCRemoteSwiftPackageReference;
			repositoryURL = "https://github.com/SnapKit/SnapKit.git";
			requirement = {
				branch = develop;
				kind = branch;
			};
		};
		340F0C43291A646900625DE5 /* XCRemoteSwiftPackageReference "Then" */ = {
			isa = XCRemoteSwiftPackageReference;
			repositoryURL = "https://github.com/devxoul/Then";
			requirement = {
				branch = master;
				kind = branch;
			};
		};
/* End XCRemoteSwiftPackageReference section */

/* Begin XCSwiftPackageProductDependency section */
		340F0C3C291A644A00625DE5 /* RxCocoa */ = {
			isa = XCSwiftPackageProductDependency;
			package = 340F0C3B291A644A00625DE5 /* XCRemoteSwiftPackageReference "RxSwift" */;
			productName = RxCocoa;
		};
		340F0C3E291A644A00625DE5 /* RxSwift */ = {
			isa = XCSwiftPackageProductDependency;
			package = 340F0C3B291A644A00625DE5 /* XCRemoteSwiftPackageReference "RxSwift" */;
			productName = RxSwift;
		};
		340F0C41291A645C00625DE5 /* SnapKit */ = {
			isa = XCSwiftPackageProductDependency;
			package = 340F0C40291A645C00625DE5 /* XCRemoteSwiftPackageReference "SnapKit" */;
			productName = SnapKit;
		};
		340F0C44291A646900625DE5 /* Then */ = {
			isa = XCSwiftPackageProductDependency;
			package = 340F0C43291A646900625DE5 /* XCRemoteSwiftPackageReference "Then" */;
			productName = Then;
		};
/* End XCSwiftPackageProductDependency section */
	};
	rootObject = 349CF2C8290FCEB800BD6261 /* Project object */;
}
